{
    "_readme": [
        "This file locks the dependencies of your project to a known state",
        "Read more about it at https://getcomposer.org/doc/01-basic-usage.md#installing-dependencies",
        "This file is @generated automatically"
    ],
    "content-hash": "76033ec0f6ee477797e192e1059b8ab5",
    "packages": [
        {
            "name": "zendframework/zend-permissions-rbac",
            "version": "3.0.1",
            "source": {
                "type": "git",
                "url": "https://github.com/zendframework/zend-permissions-rbac.git",
                "reference": "c63260476ba762b96392e3b36d799bff24056b32"
            },
            "dist": {
                "type": "zip",
                "url": "https://api.github.com/repos/zendframework/zend-permissions-rbac/zipball/c63260476ba762b96392e3b36d799bff24056b32",
                "reference": "c63260476ba762b96392e3b36d799bff24056b32",
                "shasum": ""
            },
            "require": {
                "php": "^7.1"
            },
            "require-dev": {
                "phpunit/phpunit": "^7.0.1",
                "zendframework/zend-coding-standard": "~1.0.0"
            },
            "type": "library",
            "extra": {
                "branch-alias": {
                    "dev-master": "3.0.x-dev",
                    "dev-develop": "3.1.x-dev"
                }
            },
            "autoload": {
                "psr-4": {
                    "Zend\\Permissions\\Rbac\\": "src/"
                }
            },
            "notification-url": "https://packagist.org/downloads/",
            "license": [
                "BSD-3-Clause"
            ],
            "description": "Provides a role-based access control management",
            "homepage": "https://github.com/zendframework/zend-permissions-rbac",
            "keywords": [
                "ZendFramework",
                "authorization",
                "rbac",
                "zend-permssions-rbac"
            ],
            "time": "2018-08-20T10:42:55+00:00"
        }
    ],
    "packages-dev": [],
    "aliases": [],
    "minimum-stability": "stable",
    "stability-flags": [],
    "prefer-stable": false,
    "prefer-lowest": false,
    "platform": [],
    "platform-dev": []
}
